{
  "name": "elegant-regex",
  "version": "0.0.1",
  "lockfileVersion": 1,
  "requires": true,
  "dependencies": {
    "esbuild": {
      "version": "0.11.10",
      "resolved": "https://registry.npm.taobao.org/esbuild/download/esbuild-0.11.10.tgz",
      "integrity": "sha1-9dOeTZzBMLeNdRZk/vG2YyQPVUU=",
      "dev": true
    },
    "super-expressive": {
      "version": "1.4.0",
      "resolved": "https://registry.npmjs.org/super-expressive/-/super-expressive-1.4.0.tgz",
      "integrity": "sha512-txrhIBISByD9kqvAjuTHSU8f1XjQpOUBxBxzbMyVcl9Or2wk5769OZ43c209E4Zc47otp/biyG0LuMFClL4rHw=="
    }
  }
}
